
Microsoft Visual Studio Solution File, Format Version 12.00
# Visual Studio 15
VisualStudioVersion = 15.0.28010.2050
MinimumVisualStudioVersion = 10.0.40219.1
Project("{FAE04EC0-301F-11D3-BF4B-00C04F79EFBC}") = "FlatFinder.Android", "FlatFinder\FlatFinder.Android\FlatFinder.Android.csproj", "{1B8148D3-8876-41E4-9219-5FCBA0D88943}"
EndProject
Project("{FAE04EC0-301F-11D3-BF4B-00C04F79EFBC}") = "FlatFinder", "FlatFinder\FlatFinder\FlatFinder.csproj", "{0D864311-B977-491A-BE41-FE5BF4203117}"
EndProject
Global
	GlobalSection(SolutionConfigurationPlatforms) = preSolution
		Debug|Any CPU = Debug|Any CPU
		Release|Any CPU = Release|Any CPU
	EndGlobalSection
	GlobalSection(ProjectConfigurationPlatforms) = postSolution
		{1B8148D3-8876-41E4-9219-5FCBA0D88943}.Debug|Any CPU.ActiveCfg = Debug|Any CPU
		{1B8148D3-8876-41E4-9219-5FCBA0D88943}.Debug|Any CPU.Build.0 = Debug|Any CPU
		{1B8148D3-8876-41E4-9219-5FCBA0D88943}.Debug|Any CPU.Deploy.0 = Debug|Any CPU
		{1B8148D3-8876-41E4-9219-5FCBA0D88943}.Release|Any CPU.ActiveCfg = Release|Any CPU
		{1B8148D3-8876-41E4-9219-5FCBA0D88943}.Release|Any CPU.Build.0 = Release|Any CPU
		{1B8148D3-8876-41E4-9219-5FCBA0D88943}.Release|Any CPU.Deploy.0 = Release|Any CPU
		{0D864311-B977-491A-BE41-FE5BF4203117}.Debug|Any CPU.ActiveCfg = Debug|Any CPU
		{0D864311-B977-491A-BE41-FE5BF4203117}.Debug|Any CPU.Build.0 = Debug|Any CPU
		{0D864311-B977-491A-BE41-FE5BF4203117}.Debug|Any CPU.Deploy.0 = Debug|Any CPU
		{0D864311-B977-491A-BE41-FE5BF4203117}.Release|Any CPU.ActiveCfg = Release|Any CPU
		{0D864311-B977-491A-BE41-FE5BF4203117}.Release|Any CPU.Build.0 = Release|Any CPU
		{0D864311-B977-491A-BE41-FE5BF4203117}.Release|Any CPU.Deploy.0 = Release|Any CPU
	EndGlobalSection
	GlobalSection(SolutionProperties) = preSolution
		HideSolutionNode = FALSE
	EndGlobalSection
	GlobalSection(ExtensibilityGlobals) = postSolution
		SolutionGuid = {F9BBE751-52EA-4FAD-8A78-B77E1ED982C9}
	EndGlobalSection
EndGlobal
